
Microsoft Visual Studio Solution File, Format Version 12.00
# Visual Studio 2013
VisualStudioVersion = 12.0.31101.0
MinimumVisualStudioVersion = 10.0.40219.1
Project("{FAE04EC0-301F-11D3-BF4B-00C04F79EFBC}") = "Nancy", "Nancy\Nancy.csproj", "{34576216-0DCA-4B0F-A0DC-9075E75A676F}"
EndProject
Project("{FAE04EC0-301F-11D3-BF4B-00C04F79EFBC}") = "Nancy.Hosting.Self", "Nancy.Hosting.Self\Nancy.Hosting.Self.csproj", "{AA7F66EB-EC2C-47DE-855F-30B3E6EF2134}"
EndProject
Project("{FAE04EC0-301F-11D3-BF4B-00C04F79EFBC}") = "System.Linq.Dynamic", "System.Linq.Dynamic\System.Linq.Dynamic.csproj", "{3C023D61-9936-444F-B0F1-32813ACB47C2}"
EndProject
Project("{FAE04EC0-301F-11D3-BF4B-00C04F79EFBC}") = "host", "Host\host.csproj", "{D129610F-61CC-4988-B3F8-3A84A10765EC}"
EndProject
Project("{FAE04EC0-301F-11D3-BF4B-00C04F79EFBC}") = "mmf", "mmf\mmf.csproj", "{8E6D44C7-98E4-498A-A448-35B8392547EB}"
EndProject
Project("{FAE04EC0-301F-11D3-BF4B-00C04F79EFBC}") = "model", "model\model.csproj", "{849C170A-6165-426B-909E-7EC009ABEDF9}"
EndProject
Project("{FAE04EC0-301F-11D3-BF4B-00C04F79EFBC}") = "AutoMapper", "AutoMapper\AutoMapper.csproj", "{DDF551F9-B27D-4283-BFA0-E7068E05967D}"
EndProject
Project("{2150E333-8FDC-42A3-9474-1A3956D46DE8}") = "lib", "lib", "{F1B2517F-7B74-42A6-888C-9F96A8810454}"
EndProject
Project("{2150E333-8FDC-42A3-9474-1A3956D46DE8}") = "demo", "demo", "{BDF04917-A412-417B-8985-87732D7E6D1A}"
EndProject
Project("{2150E333-8FDC-42A3-9474-1A3956D46DE8}") = ".nuget", ".nuget", "{BB555351-ED7A-4AF3-AABA-35BF527C597B}"
	ProjectSection(SolutionItems) = preProject
		.nuget\packages.config = .nuget\packages.config
	EndProjectSection
EndProject
Project("{FAE04EC0-301F-11D3-BF4B-00C04F79EFBC}") = "MoreLinq.Test", "_Demo\MoreLinq.Test\MoreLinq.Test.csproj", "{D89B7AF5-7615-47B7-B894-A722E66DB3D8}"
EndProject
Project("{FAE04EC0-301F-11D3-BF4B-00C04F79EFBC}") = "demo_reduce", "demo_reduce\demo_reduce.csproj", "{625226A3-C50E-4D58-8DA1-1E91D999D659}"
EndProject
Project("{FAE04EC0-301F-11D3-BF4B-00C04F79EFBC}") = "db_sync_file", "..\db_sync_file\db_sync_file\db_sync_file.csproj", "{EC2B9AA5-C897-4128-A799-D6C0F3593C20}"
EndProject
Project("{FAE04EC0-301F-11D3-BF4B-00C04F79EFBC}") = "ICSharpCode.SharpZLib", "ICSharpCode.SharpZLib\ICSharpCode.SharpZLib.csproj", "{0E7413FF-EB9E-4714-ACF2-BE3A6A7B2FFD}"
EndProject
Global
	GlobalSection(TeamFoundationVersionControl) = preSolution
		SccNumberOfProjects = 11
		SccEnterpriseProvider = {4CA58AB2-18FA-4F8D-95D4-32DDF27D184C}
		SccTeamFoundationServer = http://192.168.1.200:8080/tfs/view_1pha
		SccLocalPath0 = .
		SccProjectUniqueName1 = AutoMapper\\AutoMapper.csproj
		SccProjectTopLevelParentUniqueName1 = db_admin.sln
		SccProjectName1 = AutoMapper
		SccLocalPath1 = AutoMapper
		SccProjectUniqueName2 = demo_reduce\\demo_reduce.csproj
		SccProjectName2 = demo_reduce
		SccLocalPath2 = demo_reduce
		SccProjectUniqueName3 = Host\\host.csproj
		SccProjectName3 = Host
		SccLocalPath3 = Host
		SccProjectUniqueName4 = mmf\\mmf.csproj
		SccProjectTopLevelParentUniqueName4 = db_admin.sln
		SccProjectName4 = mmf
		SccLocalPath4 = mmf
		SccProjectUniqueName5 = model\\model.csproj
		SccProjectName5 = model
		SccLocalPath5 = model
		SccProjectUniqueName6 = Nancy.Hosting.Self\\Nancy.Hosting.Self.csproj
		SccProjectTopLevelParentUniqueName6 = db_admin.sln
		SccProjectName6 = Nancy.Hosting.Self
		SccLocalPath6 = Nancy.Hosting.Self
		SccProjectUniqueName7 = Nancy\\Nancy.csproj
		SccProjectTopLevelParentUniqueName7 = db_admin.sln
		SccProjectName7 = Nancy
		SccLocalPath7 = Nancy
		SccProjectUniqueName8 = System.Linq.Dynamic\\System.Linq.Dynamic.csproj
		SccProjectTopLevelParentUniqueName8 = db_admin.sln
		SccProjectName8 = System.Linq.Dynamic
		SccLocalPath8 = System.Linq.Dynamic
		SccProjectUniqueName9 = ..\\db_sync_file\\db_sync_file\\db_sync_file.csproj
		SccProjectName9 = ../db_sync_file/db_sync_file
		SccLocalPath9 = ..\\db_sync_file\\db_sync_file
		SccProjectUniqueName10 = ICSharpCode.SharpZLib\\ICSharpCode.SharpZLib.csproj
		SccProjectTopLevelParentUniqueName10 = db_admin.sln
		SccProjectName10 = ICSharpCode.SharpZLib
		SccLocalPath10 = ICSharpCode.SharpZLib
	EndGlobalSection
	GlobalSection(SolutionConfigurationPlatforms) = preSolution
		Debug_Linux|Any CPU = Debug_Linux|Any CPU
		Debug_Linux|Mixed Platforms = Debug_Linux|Mixed Platforms
		Debug_Linux|x86 = Debug_Linux|x86
		Debug_Windows|Any CPU = Debug_Windows|Any CPU
		Debug_Windows|Mixed Platforms = Debug_Windows|Mixed Platforms
		Debug_Windows|x86 = Debug_Windows|x86
		Debug|Any CPU = Debug|Any CPU
		Debug|Mixed Platforms = Debug|Mixed Platforms
		Debug|x86 = Debug|x86
		MonoDebug|Any CPU = MonoDebug|Any CPU
		MonoDebug|Mixed Platforms = MonoDebug|Mixed Platforms
		MonoDebug|x86 = MonoDebug|x86
		MonoRelease|Any CPU = MonoRelease|Any CPU
		MonoRelease|Mixed Platforms = MonoRelease|Mixed Platforms
		MonoRelease|x86 = MonoRelease|x86
		Release_Linux|Any CPU = Release_Linux|Any CPU
		Release_Linux|Mixed Platforms = Release_Linux|Mixed Platforms
		Release_Linux|x86 = Release_Linux|x86
		Release_Windows|Any CPU = Release_Windows|Any CPU
		Release_Windows|Mixed Platforms = Release_Windows|Mixed Platforms
		Release_Windows|x86 = Release_Windows|x86
		Release|Any CPU = Release|Any CPU
		Release|Mixed Platforms = Release|Mixed Platforms
		Release|x86 = Release|x86
		ReleaseWin8|Any CPU = ReleaseWin8|Any CPU
		ReleaseWin8|Mixed Platforms = ReleaseWin8|Mixed Platforms
		ReleaseWin8|x86 = ReleaseWin8|x86
	EndGlobalSection
	GlobalSection(ProjectConfigurationPlatforms) = postSolution
		{34576216-0DCA-4B0F-A0DC-9075E75A676F}.Debug_Linux|Any CPU.ActiveCfg = Debug|Any CPU
		{34576216-0DCA-4B0F-A0DC-9075E75A676F}.Debug_Linux|Any CPU.Build.0 = Debug|Any CPU
		{34576216-0DCA-4B0F-A0DC-9075E75A676F}.Debug_Linux|Mixed Platforms.ActiveCfg = Debug|Any CPU
		{34576216-0DCA-4B0F-A0DC-9075E75A676F}.Debug_Linux|Mixed Platforms.Build.0 = Debug|Any CPU
		{34576216-0DCA-4B0F-A0DC-9075E75A676F}.Debug_Linux|x86.ActiveCfg = Debug|Any CPU
		{34576216-0DCA-4B0F-A0DC-9075E75A676F}.Debug_Windows|Any CPU.ActiveCfg = Debug|Any CPU
		{34576216-0DCA-4B0F-A0DC-9075E75A676F}.Debug_Windows|Any CPU.Build.0 = Debug|Any CPU
		{34576216-0DCA-4B0F-A0DC-9075E75A676F}.Debug_Windows|Mixed Platforms.ActiveCfg = Debug|Any CPU
		{34576216-0DCA-4B0F-A0DC-9075E75A676F}.Debug_Windows|Mixed Platforms.Build.0 = Debug|Any CPU
		{34576216-0DCA-4B0F-A0DC-9075E75A676F}.Debug_Windows|x86.ActiveCfg = Debug|Any CPU
		{34576216-0DCA-4B0F-A0DC-9075E75A676F}.Debug|Any CPU.ActiveCfg = Debug|Any CPU
		{34576216-0DCA-4B0F-A0DC-9075E75A676F}.Debug|Any CPU.Build.0 = Debug|Any CPU
		{34576216-0DCA-4B0F-A0DC-9075E75A676F}.Debug|Mixed Platforms.ActiveCfg = Debug|Any CPU
		{34576216-0DCA-4B0F-A0DC-9075E75A676F}.Debug|Mixed Platforms.Build.0 = Debug|Any CPU
		{34576216-0DCA-4B0F-A0DC-9075E75A676F}.Debug|x86.ActiveCfg = Debug|Any CPU
		{34576216-0DCA-4B0F-A0DC-9075E75A676F}.MonoDebug|Any CPU.ActiveCfg = MonoDebug|Any CPU
		{34576216-0DCA-4B0F-A0DC-9075E75A676F}.MonoDebug|Any CPU.Build.0 = MonoDebug|Any CPU
		{34576216-0DCA-4B0F-A0DC-9075E75A676F}.MonoDebug|Mixed Platforms.ActiveCfg = MonoDebug|Any CPU
		{34576216-0DCA-4B0F-A0DC-9075E75A676F}.MonoDebug|Mixed Platforms.Build.0 = MonoDebug|Any CPU
		{34576216-0DCA-4B0F-A0DC-9075E75A676F}.MonoDebug|x86.ActiveCfg = MonoDebug|Any CPU
		{34576216-0DCA-4B0F-A0DC-9075E75A676F}.MonoRelease|Any CPU.ActiveCfg = MonoRelease|Any CPU
		{34576216-0DCA-4B0F-A0DC-9075E75A676F}.MonoRelease|Any CPU.Build.0 = MonoRelease|Any CPU
		{34576216-0DCA-4B0F-A0DC-9075E75A676F}.MonoRelease|Mixed Platforms.ActiveCfg = MonoRelease|Any CPU
		{34576216-0DCA-4B0F-A0DC-9075E75A676F}.MonoRelease|Mixed Platforms.Build.0 = MonoRelease|Any CPU
		{34576216-0DCA-4B0F-A0DC-9075E75A676F}.MonoRelease|x86.ActiveCfg = MonoRelease|Any CPU
		{34576216-0DCA-4B0F-A0DC-9075E75A676F}.Release_Linux|Any CPU.ActiveCfg = Release|Any CPU
		{34576216-0DCA-4B0F-A0DC-9075E75A676F}.Release_Linux|Any CPU.Build.0 = Release|Any CPU
		{34576216-0DCA-4B0F-A0DC-9075E75A676F}.Release_Linux|Mixed Platforms.ActiveCfg = Release|Any CPU
		{34576216-0DCA-4B0F-A0DC-9075E75A676F}.Release_Linux|Mixed Platforms.Build.0 = Release|Any CPU
		{34576216-0DCA-4B0F-A0DC-9075E75A676F}.Release_Linux|x86.ActiveCfg = Release|Any CPU
		{34576216-0DCA-4B0F-A0DC-9075E75A676F}.Release_Windows|Any CPU.ActiveCfg = Release|Any CPU
		{34576216-0DCA-4B0F-A0DC-9075E75A676F}.Release_Windows|Any CPU.Build.0 = Release|Any CPU
		{34576216-0DCA-4B0F-A0DC-9075E75A676F}.Release_Windows|Mixed Platforms.ActiveCfg = Release|Any CPU
		{34576216-0DCA-4B0F-A0DC-9075E75A676F}.Release_Windows|Mixed Platforms.Build.0 = Release|Any CPU
		{34576216-0DCA-4B0F-A0DC-9075E75A676F}.Release_Windows|x86.ActiveCfg = Release|Any CPU
		{34576216-0DCA-4B0F-A0DC-9075E75A676F}.Release|Any CPU.ActiveCfg = Release|Any CPU
		{34576216-0DCA-4B0F-A0DC-9075E75A676F}.Release|Any CPU.Build.0 = Release|Any CPU
		{34576216-0DCA-4B0F-A0DC-9075E75A676F}.Release|Mixed Platforms.ActiveCfg = Release|Any CPU
		{34576216-0DCA-4B0F-A0DC-9075E75A676F}.Release|Mixed Platforms.Build.0 = Release|Any CPU
		{34576216-0DCA-4B0F-A0DC-9075E75A676F}.Release|x86.ActiveCfg = Release|Any CPU
		{34576216-0DCA-4B0F-A0DC-9075E75A676F}.ReleaseWin8|Any CPU.ActiveCfg = Release|Any CPU
		{34576216-0DCA-4B0F-A0DC-9075E75A676F}.ReleaseWin8|Any CPU.Build.0 = Release|Any CPU
		{34576216-0DCA-4B0F-A0DC-9075E75A676F}.ReleaseWin8|Mixed Platforms.ActiveCfg = Release|Any CPU
		{34576216-0DCA-4B0F-A0DC-9075E75A676F}.ReleaseWin8|Mixed Platforms.Build.0 = Release|Any CPU
		{34576216-0DCA-4B0F-A0DC-9075E75A676F}.ReleaseWin8|x86.ActiveCfg = Release|Any CPU
		{AA7F66EB-EC2C-47DE-855F-30B3E6EF2134}.Debug_Linux|Any CPU.ActiveCfg = Debug|Any CPU
		{AA7F66EB-EC2C-47DE-855F-30B3E6EF2134}.Debug_Linux|Any CPU.Build.0 = Debug|Any CPU
		{AA7F66EB-EC2C-47DE-855F-30B3E6EF2134}.Debug_Linux|Mixed Platforms.ActiveCfg = Debug|Any CPU
		{AA7F66EB-EC2C-47DE-855F-30B3E6EF2134}.Debug_Linux|Mixed Platforms.Build.0 = Debug|Any CPU
		{AA7F66EB-EC2C-47DE-855F-30B3E6EF2134}.Debug_Linux|x86.ActiveCfg = Debug|Any CPU
		{AA7F66EB-EC2C-47DE-855F-30B3E6EF2134}.Debug_Windows|Any CPU.ActiveCfg = Debug|Any CPU
		{AA7F66EB-EC2C-47DE-855F-30B3E6EF2134}.Debug_Windows|Any CPU.Build.0 = Debug|Any CPU
		{AA7F66EB-EC2C-47DE-855F-30B3E6EF2134}.Debug_Windows|Mixed Platforms.ActiveCfg = Debug|Any CPU
		{AA7F66EB-EC2C-47DE-855F-30B3E6EF2134}.Debug_Windows|Mixed Platforms.Build.0 = Debug|Any CPU
		{AA7F66EB-EC2C-47DE-855F-30B3E6EF2134}.Debug_Windows|x86.ActiveCfg = Debug|Any CPU
		{AA7F66EB-EC2C-47DE-855F-30B3E6EF2134}.Debug|Any CPU.ActiveCfg = Debug|Any CPU
		{AA7F66EB-EC2C-47DE-855F-30B3E6EF2134}.Debug|Any CPU.Build.0 = Debug|Any CPU
		{AA7F66EB-EC2C-47DE-855F-30B3E6EF2134}.Debug|Mixed Platforms.ActiveCfg = Debug|Any CPU
		{AA7F66EB-EC2C-47DE-855F-30B3E6EF2134}.Debug|Mixed Platforms.Build.0 = Debug|Any CPU
		{AA7F66EB-EC2C-47DE-855F-30B3E6EF2134}.Debug|x86.ActiveCfg = Debug|Any CPU
		{AA7F66EB-EC2C-47DE-855F-30B3E6EF2134}.MonoDebug|Any CPU.ActiveCfg = MonoDebug|Any CPU
		{AA7F66EB-EC2C-47DE-855F-30B3E6EF2134}.MonoDebug|Any CPU.Build.0 = MonoDebug|Any CPU
		{AA7F66EB-EC2C-47DE-855F-30B3E6EF2134}.MonoDebug|Mixed Platforms.ActiveCfg = MonoDebug|Any CPU
		{AA7F66EB-EC2C-47DE-855F-30B3E6EF2134}.MonoDebug|Mixed Platforms.Build.0 = MonoDebug|Any CPU
		{AA7F66EB-EC2C-47DE-855F-30B3E6EF2134}.MonoDebug|x86.ActiveCfg = MonoDebug|Any CPU
		{AA7F66EB-EC2C-47DE-855F-30B3E6EF2134}.MonoRelease|Any CPU.ActiveCfg = MonoRelease|Any CPU
		{AA7F66EB-EC2C-47DE-855F-30B3E6EF2134}.MonoRelease|Any CPU.Build.0 = MonoRelease|Any CPU
		{AA7F66EB-EC2C-47DE-855F-30B3E6EF2134}.MonoRelease|Mixed Platforms.ActiveCfg = MonoRelease|Any CPU
		{AA7F66EB-EC2C-47DE-855F-30B3E6EF2134}.MonoRelease|Mixed Platforms.Build.0 = MonoRelease|Any CPU
		{AA7F66EB-EC2C-47DE-855F-30B3E6EF2134}.MonoRelease|x86.ActiveCfg = MonoRelease|Any CPU
		{AA7F66EB-EC2C-47DE-855F-30B3E6EF2134}.Release_Linux|Any CPU.ActiveCfg = Release|Any CPU
		{AA7F66EB-EC2C-47DE-855F-30B3E6EF2134}.Release_Linux|Any CPU.Build.0 = Release|Any CPU
		{AA7F66EB-EC2C-47DE-855F-30B3E6EF2134}.Release_Linux|Mixed Platforms.ActiveCfg = Release|Any CPU
		{AA7F66EB-EC2C-47DE-855F-30B3E6EF2134}.Release_Linux|Mixed Platforms.Build.0 = Release|Any CPU
		{AA7F66EB-EC2C-47DE-855F-30B3E6EF2134}.Release_Linux|x86.ActiveCfg = Release|Any CPU
		{AA7F66EB-EC2C-47DE-855F-30B3E6EF2134}.Release_Windows|Any CPU.ActiveCfg = Release|Any CPU
		{AA7F66EB-EC2C-47DE-855F-30B3E6EF2134}.Release_Windows|Any CPU.Build.0 = Release|Any CPU
		{AA7F66EB-EC2C-47DE-855F-30B3E6EF2134}.Release_Windows|Mixed Platforms.ActiveCfg = Release|Any CPU
		{AA7F66EB-EC2C-47DE-855F-30B3E6EF2134}.Release_Windows|Mixed Platforms.Build.0 = Release|Any CPU
		{AA7F66EB-EC2C-47DE-855F-30B3E6EF2134}.Release_Windows|x86.ActiveCfg = Release|Any CPU
		{AA7F66EB-EC2C-47DE-855F-30B3E6EF2134}.Release|Any CPU.ActiveCfg = Release|Any CPU
		{AA7F66EB-EC2C-47DE-855F-30B3E6EF2134}.Release|Any CPU.Build.0 = Release|Any CPU
		{AA7F66EB-EC2C-47DE-855F-30B3E6EF2134}.Release|Mixed Platforms.ActiveCfg = Release|Any CPU
		{AA7F66EB-EC2C-47DE-855F-30B3E6EF2134}.Release|Mixed Platforms.Build.0 = Release|Any CPU
		{AA7F66EB-EC2C-47DE-855F-30B3E6EF2134}.Release|x86.ActiveCfg = Release|Any CPU
		{AA7F66EB-EC2C-47DE-855F-30B3E6EF2134}.ReleaseWin8|Any CPU.ActiveCfg = Release|Any CPU
		{AA7F66EB-EC2C-47DE-855F-30B3E6EF2134}.ReleaseWin8|Any CPU.Build.0 = Release|Any CPU
		{AA7F66EB-EC2C-47DE-855F-30B3E6EF2134}.ReleaseWin8|Mixed Platforms.ActiveCfg = Release|Any CPU
		{AA7F66EB-EC2C-47DE-855F-30B3E6EF2134}.ReleaseWin8|Mixed Platforms.Build.0 = Release|Any CPU
		{AA7F66EB-EC2C-47DE-855F-30B3E6EF2134}.ReleaseWin8|x86.ActiveCfg = Release|Any CPU
		{3C023D61-9936-444F-B0F1-32813ACB47C2}.Debug_Linux|Any CPU.ActiveCfg = Debug|Any CPU
		{3C023D61-9936-444F-B0F1-32813ACB47C2}.Debug_Linux|Any CPU.Build.0 = Debug|Any CPU
		{3C023D61-9936-444F-B0F1-32813ACB47C2}.Debug_Linux|Mixed Platforms.ActiveCfg = Debug|Any CPU
		{3C023D61-9936-444F-B0F1-32813ACB47C2}.Debug_Linux|Mixed Platforms.Build.0 = Debug|Any CPU
		{3C023D61-9936-444F-B0F1-32813ACB47C2}.Debug_Linux|x86.ActiveCfg = Debug|Any CPU
		{3C023D61-9936-444F-B0F1-32813ACB47C2}.Debug_Windows|Any CPU.ActiveCfg = Debug|Any CPU
		{3C023D61-9936-444F-B0F1-32813ACB47C2}.Debug_Windows|Any CPU.Build.0 = Debug|Any CPU
		{3C023D61-9936-444F-B0F1-32813ACB47C2}.Debug_Windows|Mixed Platforms.ActiveCfg = Debug|Any CPU
		{3C023D61-9936-444F-B0F1-32813ACB47C2}.Debug_Windows|Mixed Platforms.Build.0 = Debug|Any CPU
		{3C023D61-9936-444F-B0F1-32813ACB47C2}.Debug_Windows|x86.ActiveCfg = Debug|Any CPU
		{3C023D61-9936-444F-B0F1-32813ACB47C2}.Debug|Any CPU.ActiveCfg = Debug|Any CPU
		{3C023D61-9936-444F-B0F1-32813ACB47C2}.Debug|Any CPU.Build.0 = Debug|Any CPU
		{3C023D61-9936-444F-B0F1-32813ACB47C2}.Debug|Mixed Platforms.ActiveCfg = Debug|Any CPU
		{3C023D61-9936-444F-B0F1-32813ACB47C2}.Debug|Mixed Platforms.Build.0 = Debug|Any CPU
		{3C023D61-9936-444F-B0F1-32813ACB47C2}.Debug|x86.ActiveCfg = Debug|Any CPU
		{3C023D61-9936-444F-B0F1-32813ACB47C2}.MonoDebug|Any CPU.ActiveCfg = Debug|Any CPU
		{3C023D61-9936-444F-B0F1-32813ACB47C2}.MonoDebug|Any CPU.Build.0 = Debug|Any CPU
		{3C023D61-9936-444F-B0F1-32813ACB47C2}.MonoDebug|Mixed Platforms.ActiveCfg = Debug|Any CPU
		{3C023D61-9936-444F-B0F1-32813ACB47C2}.MonoDebug|Mixed Platforms.Build.0 = Debug|Any CPU
		{3C023D61-9936-444F-B0F1-32813ACB47C2}.MonoDebug|x86.ActiveCfg = Debug|Any CPU
		{3C023D61-9936-444F-B0F1-32813ACB47C2}.MonoRelease|Any CPU.ActiveCfg = Release|Any CPU
		{3C023D61-9936-444F-B0F1-32813ACB47C2}.MonoRelease|Any CPU.Build.0 = Release|Any CPU
		{3C023D61-9936-444F-B0F1-32813ACB47C2}.MonoRelease|Mixed Platforms.ActiveCfg = Release|Any CPU
		{3C023D61-9936-444F-B0F1-32813ACB47C2}.MonoRelease|Mixed Platforms.Build.0 = Release|Any CPU
		{3C023D61-9936-444F-B0F1-32813ACB47C2}.MonoRelease|x86.ActiveCfg = Release|Any CPU
		{3C023D61-9936-444F-B0F1-32813ACB47C2}.Release_Linux|Any CPU.ActiveCfg = Release|Any CPU
		{3C023D61-9936-444F-B0F1-32813ACB47C2}.Release_Linux|Any CPU.Build.0 = Release|Any CPU
		{3C023D61-9936-444F-B0F1-32813ACB47C2}.Release_Linux|Mixed Platforms.ActiveCfg = Release|Any CPU
		{3C023D61-9936-444F-B0F1-32813ACB47C2}.Release_Linux|Mixed Platforms.Build.0 = Release|Any CPU
		{3C023D61-9936-444F-B0F1-32813ACB47C2}.Release_Linux|x86.ActiveCfg = Release|Any CPU
		{3C023D61-9936-444F-B0F1-32813ACB47C2}.Release_Windows|Any CPU.ActiveCfg = Release|Any CPU
		{3C023D61-9936-444F-B0F1-32813ACB47C2}.Release_Windows|Any CPU.Build.0 = Release|Any CPU
		{3C023D61-9936-444F-B0F1-32813ACB47C2}.Release_Windows|Mixed Platforms.ActiveCfg = Release|Any CPU
		{3C023D61-9936-444F-B0F1-32813ACB47C2}.Release_Windows|Mixed Platforms.Build.0 = Release|Any CPU
		{3C023D61-9936-444F-B0F1-32813ACB47C2}.Release_Windows|x86.ActiveCfg = Release|Any CPU
		{3C023D61-9936-444F-B0F1-32813ACB47C2}.Release|Any CPU.ActiveCfg = Release|Any CPU
		{3C023D61-9936-444F-B0F1-32813ACB47C2}.Release|Any CPU.Build.0 = Release|Any CPU
		{3C023D61-9936-444F-B0F1-32813ACB47C2}.Release|Mixed Platforms.ActiveCfg = Release|Any CPU
		{3C023D61-9936-444F-B0F1-32813ACB47C2}.Release|Mixed Platforms.Build.0 = Release|Any CPU
		{3C023D61-9936-444F-B0F1-32813ACB47C2}.Release|x86.ActiveCfg = Release|Any CPU
		{3C023D61-9936-444F-B0F1-32813ACB47C2}.ReleaseWin8|Any CPU.ActiveCfg = Release|Any CPU
		{3C023D61-9936-444F-B0F1-32813ACB47C2}.ReleaseWin8|Any CPU.Build.0 = Release|Any CPU
		{3C023D61-9936-444F-B0F1-32813ACB47C2}.ReleaseWin8|Mixed Platforms.ActiveCfg = Release|Any CPU
		{3C023D61-9936-444F-B0F1-32813ACB47C2}.ReleaseWin8|Mixed Platforms.Build.0 = Release|Any CPU
		{3C023D61-9936-444F-B0F1-32813ACB47C2}.ReleaseWin8|x86.ActiveCfg = Release|Any CPU
		{D129610F-61CC-4988-B3F8-3A84A10765EC}.Debug_Linux|Any CPU.ActiveCfg = Debug|Any CPU
		{D129610F-61CC-4988-B3F8-3A84A10765EC}.Debug_Linux|Any CPU.Build.0 = Debug|Any CPU
		{D129610F-61CC-4988-B3F8-3A84A10765EC}.Debug_Linux|Mixed Platforms.ActiveCfg = Debug|Any CPU
		{D129610F-61CC-4988-B3F8-3A84A10765EC}.Debug_Linux|Mixed Platforms.Build.0 = Debug|Any CPU
		{D129610F-61CC-4988-B3F8-3A84A10765EC}.Debug_Linux|x86.ActiveCfg = Debug|Any CPU
		{D129610F-61CC-4988-B3F8-3A84A10765EC}.Debug_Windows|Any CPU.ActiveCfg = Debug|Any CPU
		{D129610F-61CC-4988-B3F8-3A84A10765EC}.Debug_Windows|Any CPU.Build.0 = Debug|Any CPU
		{D129610F-61CC-4988-B3F8-3A84A10765EC}.Debug_Windows|Mixed Platforms.ActiveCfg = Debug|Any CPU
		{D129610F-61CC-4988-B3F8-3A84A10765EC}.Debug_Windows|Mixed Platforms.Build.0 = Debug|Any CPU
		{D129610F-61CC-4988-B3F8-3A84A10765EC}.Debug_Windows|x86.ActiveCfg = Debug|Any CPU
		{D129610F-61CC-4988-B3F8-3A84A10765EC}.Debug|Any CPU.ActiveCfg = Debug|Any CPU
		{D129610F-61CC-4988-B3F8-3A84A10765EC}.Debug|Any CPU.Build.0 = Debug|Any CPU
		{D129610F-61CC-4988-B3F8-3A84A10765EC}.Debug|Mixed Platforms.ActiveCfg = Debug|Any CPU
		{D129610F-61CC-4988-B3F8-3A84A10765EC}.Debug|Mixed Platforms.Build.0 = Debug|Any CPU
		{D129610F-61CC-4988-B3F8-3A84A10765EC}.Debug|x86.ActiveCfg = Debug|Any CPU
		{D129610F-61CC-4988-B3F8-3A84A10765EC}.MonoDebug|Any CPU.ActiveCfg = Debug|Any CPU
		{D129610F-61CC-4988-B3F8-3A84A10765EC}.MonoDebug|Any CPU.Build.0 = Debug|Any CPU
		{D129610F-61CC-4988-B3F8-3A84A10765EC}.MonoDebug|Mixed Platforms.ActiveCfg = Debug|Any CPU
		{D129610F-61CC-4988-B3F8-3A84A10765EC}.MonoDebug|Mixed Platforms.Build.0 = Debug|Any CPU
		{D129610F-61CC-4988-B3F8-3A84A10765EC}.MonoDebug|x86.ActiveCfg = Debug|Any CPU
		{D129610F-61CC-4988-B3F8-3A84A10765EC}.MonoRelease|Any CPU.ActiveCfg = Release|Any CPU
		{D129610F-61CC-4988-B3F8-3A84A10765EC}.MonoRelease|Any CPU.Build.0 = Release|Any CPU
		{D129610F-61CC-4988-B3F8-3A84A10765EC}.MonoRelease|Mixed Platforms.ActiveCfg = Release|Any CPU
		{D129610F-61CC-4988-B3F8-3A84A10765EC}.MonoRelease|Mixed Platforms.Build.0 = Release|Any CPU
		{D129610F-61CC-4988-B3F8-3A84A10765EC}.MonoRelease|x86.ActiveCfg = Release|Any CPU
		{D129610F-61CC-4988-B3F8-3A84A10765EC}.Release_Linux|Any CPU.ActiveCfg = Release|Any CPU
		{D129610F-61CC-4988-B3F8-3A84A10765EC}.Release_Linux|Any CPU.Build.0 = Release|Any CPU
		{D129610F-61CC-4988-B3F8-3A84A10765EC}.Release_Linux|Mixed Platforms.ActiveCfg = Release|Any CPU
		{D129610F-61CC-4988-B3F8-3A84A10765EC}.Release_Linux|Mixed Platforms.Build.0 = Release|Any CPU
		{D129610F-61CC-4988-B3F8-3A84A10765EC}.Release_Linux|x86.ActiveCfg = Release|Any CPU
		{D129610F-61CC-4988-B3F8-3A84A10765EC}.Release_Windows|Any CPU.ActiveCfg = Release|Any CPU
		{D129610F-61CC-4988-B3F8-3A84A10765EC}.Release_Windows|Any CPU.Build.0 = Release|Any CPU
		{D129610F-61CC-4988-B3F8-3A84A10765EC}.Release_Windows|Mixed Platforms.ActiveCfg = Release|Any CPU
		{D129610F-61CC-4988-B3F8-3A84A10765EC}.Release_Windows|Mixed Platforms.Build.0 = Release|Any CPU
		{D129610F-61CC-4988-B3F8-3A84A10765EC}.Release_Windows|x86.ActiveCfg = Release|Any CPU
		{D129610F-61CC-4988-B3F8-3A84A10765EC}.Release|Any CPU.ActiveCfg = Release|Any CPU
		{D129610F-61CC-4988-B3F8-3A84A10765EC}.Release|Any CPU.Build.0 = Release|Any CPU
		{D129610F-61CC-4988-B3F8-3A84A10765EC}.Release|Mixed Platforms.ActiveCfg = Release|Any CPU
		{D129610F-61CC-4988-B3F8-3A84A10765EC}.Release|Mixed Platforms.Build.0 = Release|Any CPU
		{D129610F-61CC-4988-B3F8-3A84A10765EC}.Release|x86.ActiveCfg = Release|Any CPU
		{D129610F-61CC-4988-B3F8-3A84A10765EC}.ReleaseWin8|Any CPU.ActiveCfg = Release|Any CPU
		{D129610F-61CC-4988-B3F8-3A84A10765EC}.ReleaseWin8|Any CPU.Build.0 = Release|Any CPU
		{D129610F-61CC-4988-B3F8-3A84A10765EC}.ReleaseWin8|Mixed Platforms.ActiveCfg = Release|Any CPU
		{D129610F-61CC-4988-B3F8-3A84A10765EC}.ReleaseWin8|Mixed Platforms.Build.0 = Release|Any CPU
		{D129610F-61CC-4988-B3F8-3A84A10765EC}.ReleaseWin8|x86.ActiveCfg = Release|Any CPU
		{8E6D44C7-98E4-498A-A448-35B8392547EB}.Debug_Linux|Any CPU.ActiveCfg = Debug|Any CPU
		{8E6D44C7-98E4-498A-A448-35B8392547EB}.Debug_Linux|Any CPU.Build.0 = Debug|Any CPU
		{8E6D44C7-98E4-498A-A448-35B8392547EB}.Debug_Linux|Mixed Platforms.ActiveCfg = Debug|Any CPU
		{8E6D44C7-98E4-498A-A448-35B8392547EB}.Debug_Linux|Mixed Platforms.Build.0 = Debug|Any CPU
		{8E6D44C7-98E4-498A-A448-35B8392547EB}.Debug_Linux|x86.ActiveCfg = Debug|Any CPU
		{8E6D44C7-98E4-498A-A448-35B8392547EB}.Debug_Windows|Any CPU.ActiveCfg = Debug|Any CPU
		{8E6D44C7-98E4-498A-A448-35B8392547EB}.Debug_Windows|Any CPU.Build.0 = Debug|Any CPU
		{8E6D44C7-98E4-498A-A448-35B8392547EB}.Debug_Windows|Mixed Platforms.ActiveCfg = Debug|Any CPU
		{8E6D44C7-98E4-498A-A448-35B8392547EB}.Debug_Windows|Mixed Platforms.Build.0 = Debug|Any CPU
		{8E6D44C7-98E4-498A-A448-35B8392547EB}.Debug_Windows|x86.ActiveCfg = Debug|Any CPU
		{8E6D44C7-98E4-498A-A448-35B8392547EB}.Debug|Any CPU.ActiveCfg = Debug|Any CPU
		{8E6D44C7-98E4-498A-A448-35B8392547EB}.Debug|Any CPU.Build.0 = Debug|Any CPU
		{8E6D44C7-98E4-498A-A448-35B8392547EB}.Debug|Mixed Platforms.ActiveCfg = Debug|Any CPU
		{8E6D44C7-98E4-498A-A448-35B8392547EB}.Debug|Mixed Platforms.Build.0 = Debug|Any CPU
		{8E6D44C7-98E4-498A-A448-35B8392547EB}.Debug|x86.ActiveCfg = Debug|Any CPU
		{8E6D44C7-98E4-498A-A448-35B8392547EB}.MonoDebug|Any CPU.ActiveCfg = Debug|Any CPU
		{8E6D44C7-98E4-498A-A448-35B8392547EB}.MonoDebug|Any CPU.Build.0 = Debug|Any CPU
		{8E6D44C7-98E4-498A-A448-35B8392547EB}.MonoDebug|Mixed Platforms.ActiveCfg = Debug|Any CPU
		{8E6D44C7-98E4-498A-A448-35B8392547EB}.MonoDebug|Mixed Platforms.Build.0 = Debug|Any CPU
		{8E6D44C7-98E4-498A-A448-35B8392547EB}.MonoDebug|x86.ActiveCfg = Debug|Any CPU
		{8E6D44C7-98E4-498A-A448-35B8392547EB}.MonoRelease|Any CPU.ActiveCfg = Release|Any CPU
		{8E6D44C7-98E4-498A-A448-35B8392547EB}.MonoRelease|Any CPU.Build.0 = Release|Any CPU
		{8E6D44C7-98E4-498A-A448-35B8392547EB}.MonoRelease|Mixed Platforms.ActiveCfg = Release|Any CPU
		{8E6D44C7-98E4-498A-A448-35B8392547EB}.MonoRelease|Mixed Platforms.Build.0 = Release|Any CPU
		{8E6D44C7-98E4-498A-A448-35B8392547EB}.MonoRelease|x86.ActiveCfg = Release|Any CPU
		{8E6D44C7-98E4-498A-A448-35B8392547EB}.Release_Linux|Any CPU.ActiveCfg = Release|Any CPU
		{8E6D44C7-98E4-498A-A448-35B8392547EB}.Release_Linux|Any CPU.Build.0 = Release|Any CPU
		{8E6D44C7-98E4-498A-A448-35B8392547EB}.Release_Linux|Mixed Platforms.ActiveCfg = Release|Any CPU
		{8E6D44C7-98E4-498A-A448-35B8392547EB}.Release_Linux|Mixed Platforms.Build.0 = Release|Any CPU
		{8E6D44C7-98E4-498A-A448-35B8392547EB}.Release_Linux|x86.ActiveCfg = Release|Any CPU
		{8E6D44C7-98E4-498A-A448-35B8392547EB}.Release_Windows|Any CPU.ActiveCfg = Release|Any CPU
		{8E6D44C7-98E4-498A-A448-35B8392547EB}.Release_Windows|Any CPU.Build.0 = Release|Any CPU
		{8E6D44C7-98E4-498A-A448-35B8392547EB}.Release_Windows|Mixed Platforms.ActiveCfg = Release|Any CPU
		{8E6D44C7-98E4-498A-A448-35B8392547EB}.Release_Windows|Mixed Platforms.Build.0 = Release|Any CPU
		{8E6D44C7-98E4-498A-A448-35B8392547EB}.Release_Windows|x86.ActiveCfg = Release|Any CPU
		{8E6D44C7-98E4-498A-A448-35B8392547EB}.Release|Any CPU.ActiveCfg = Release|Any CPU
		{8E6D44C7-98E4-498A-A448-35B8392547EB}.Release|Any CPU.Build.0 = Release|Any CPU
		{8E6D44C7-98E4-498A-A448-35B8392547EB}.Release|Mixed Platforms.ActiveCfg = Release|Any CPU
		{8E6D44C7-98E4-498A-A448-35B8392547EB}.Release|Mixed Platforms.Build.0 = Release|Any CPU
		{8E6D44C7-98E4-498A-A448-35B8392547EB}.Release|x86.ActiveCfg = Release|Any CPU
		{8E6D44C7-98E4-498A-A448-35B8392547EB}.ReleaseWin8|Any CPU.ActiveCfg = Release|Any CPU
		{8E6D44C7-98E4-498A-A448-35B8392547EB}.ReleaseWin8|Any CPU.Build.0 = Release|Any CPU
		{8E6D44C7-98E4-498A-A448-35B8392547EB}.ReleaseWin8|Mixed Platforms.ActiveCfg = Release|Any CPU
		{8E6D44C7-98E4-498A-A448-35B8392547EB}.ReleaseWin8|Mixed Platforms.Build.0 = Release|Any CPU
		{8E6D44C7-98E4-498A-A448-35B8392547EB}.ReleaseWin8|x86.ActiveCfg = Release|Any CPU
		{849C170A-6165-426B-909E-7EC009ABEDF9}.Debug_Linux|Any CPU.ActiveCfg = Debug|Any CPU
		{849C170A-6165-426B-909E-7EC009ABEDF9}.Debug_Linux|Any CPU.Build.0 = Debug|Any CPU
		{849C170A-6165-426B-909E-7EC009ABEDF9}.Debug_Linux|Mixed Platforms.ActiveCfg = Debug|Any CPU
		{849C170A-6165-426B-909E-7EC009ABEDF9}.Debug_Linux|Mixed Platforms.Build.0 = Debug|Any CPU
		{849C170A-6165-426B-909E-7EC009ABEDF9}.Debug_Linux|x86.ActiveCfg = Debug|Any CPU
		{849C170A-6165-426B-909E-7EC009ABEDF9}.Debug_Windows|Any CPU.ActiveCfg = Debug|Any CPU
		{849C170A-6165-426B-909E-7EC009ABEDF9}.Debug_Windows|Any CPU.Build.0 = Debug|Any CPU
		{849C170A-6165-426B-909E-7EC009ABEDF9}.Debug_Windows|Mixed Platforms.ActiveCfg = Debug|Any CPU
		{849C170A-6165-426B-909E-7EC009ABEDF9}.Debug_Windows|Mixed Platforms.Build.0 = Debug|Any CPU
		{849C170A-6165-426B-909E-7EC009ABEDF9}.Debug_Windows|x86.ActiveCfg = Debug|Any CPU
		{849C170A-6165-426B-909E-7EC009ABEDF9}.Debug|Any CPU.ActiveCfg = Debug|Any CPU
		{849C170A-6165-426B-909E-7EC009ABEDF9}.Debug|Any CPU.Build.0 = Debug|Any CPU
		{849C170A-6165-426B-909E-7EC009ABEDF9}.Debug|Mixed Platforms.ActiveCfg = Debug|Any CPU
		{849C170A-6165-426B-909E-7EC009ABEDF9}.Debug|Mixed Platforms.Build.0 = Debug|Any CPU
		{849C170A-6165-426B-909E-7EC009ABEDF9}.Debug|x86.ActiveCfg = Debug|Any CPU
		{849C170A-6165-426B-909E-7EC009ABEDF9}.MonoDebug|Any CPU.ActiveCfg = Debug|Any CPU
		{849C170A-6165-426B-909E-7EC009ABEDF9}.MonoDebug|Any CPU.Build.0 = Debug|Any CPU
		{849C170A-6165-426B-909E-7EC009ABEDF9}.MonoDebug|Mixed Platforms.ActiveCfg = Debug|Any CPU
		{849C170A-6165-426B-909E-7EC009ABEDF9}.MonoDebug|Mixed Platforms.Build.0 = Debug|Any CPU
		{849C170A-6165-426B-909E-7EC009ABEDF9}.MonoDebug|x86.ActiveCfg = Debug|Any CPU
		{849C170A-6165-426B-909E-7EC009ABEDF9}.MonoRelease|Any CPU.ActiveCfg = Release|Any CPU
		{849C170A-6165-426B-909E-7EC009ABEDF9}.MonoRelease|Any CPU.Build.0 = Release|Any CPU
		{849C170A-6165-426B-909E-7EC009ABEDF9}.MonoRelease|Mixed Platforms.ActiveCfg = Release|Any CPU
		{849C170A-6165-426B-909E-7EC009ABEDF9}.MonoRelease|Mixed Platforms.Build.0 = Release|Any CPU
		{849C170A-6165-426B-909E-7EC009ABEDF9}.MonoRelease|x86.ActiveCfg = Release|Any CPU
		{849C170A-6165-426B-909E-7EC009ABEDF9}.Release_Linux|Any CPU.ActiveCfg = Release|Any CPU
		{849C170A-6165-426B-909E-7EC009ABEDF9}.Release_Linux|Any CPU.Build.0 = Release|Any CPU
		{849C170A-6165-426B-909E-7EC009ABEDF9}.Release_Linux|Mixed Platforms.ActiveCfg = Release|Any CPU
		{849C170A-6165-426B-909E-7EC009ABEDF9}.Release_Linux|Mixed Platforms.Build.0 = Release|Any CPU
		{849C170A-6165-426B-909E-7EC009ABEDF9}.Release_Linux|x86.ActiveCfg = Release|Any CPU
		{849C170A-6165-426B-909E-7EC009ABEDF9}.Release_Windows|Any CPU.ActiveCfg = Release|Any CPU
		{849C170A-6165-426B-909E-7EC009ABEDF9}.Release_Windows|Any CPU.Build.0 = Release|Any CPU
		{849C170A-6165-426B-909E-7EC009ABEDF9}.Release_Windows|Mixed Platforms.ActiveCfg = Release|Any CPU
		{849C170A-6165-426B-909E-7EC009ABEDF9}.Release_Windows|Mixed Platforms.Build.0 = Release|Any CPU
		{849C170A-6165-426B-909E-7EC009ABEDF9}.Release_Windows|x86.ActiveCfg = Release|Any CPU
		{849C170A-6165-426B-909E-7EC009ABEDF9}.Release|Any CPU.ActiveCfg = Release|Any CPU
		{849C170A-6165-426B-909E-7EC009ABEDF9}.Release|Any CPU.Build.0 = Release|Any CPU
		{849C170A-6165-426B-909E-7EC009ABEDF9}.Release|Mixed Platforms.ActiveCfg = Release|Any CPU
		{849C170A-6165-426B-909E-7EC009ABEDF9}.Release|Mixed Platforms.Build.0 = Release|Any CPU
		{849C170A-6165-426B-909E-7EC009ABEDF9}.Release|x86.ActiveCfg = Release|Any CPU
		{849C170A-6165-426B-909E-7EC009ABEDF9}.ReleaseWin8|Any CPU.ActiveCfg = Release|Any CPU
		{849C170A-6165-426B-909E-7EC009ABEDF9}.ReleaseWin8|Any CPU.Build.0 = Release|Any CPU
		{849C170A-6165-426B-909E-7EC009ABEDF9}.ReleaseWin8|Mixed Platforms.ActiveCfg = Release|Any CPU
		{849C170A-6165-426B-909E-7EC009ABEDF9}.ReleaseWin8|Mixed Platforms.Build.0 = Release|Any CPU
		{849C170A-6165-426B-909E-7EC009ABEDF9}.ReleaseWin8|x86.ActiveCfg = Release|Any CPU
		{DDF551F9-B27D-4283-BFA0-E7068E05967D}.Debug_Linux|Any CPU.ActiveCfg = Debug|Any CPU
		{DDF551F9-B27D-4283-BFA0-E7068E05967D}.Debug_Linux|Any CPU.Build.0 = Debug|Any CPU
		{DDF551F9-B27D-4283-BFA0-E7068E05967D}.Debug_Linux|Mixed Platforms.ActiveCfg = Debug|Any CPU
		{DDF551F9-B27D-4283-BFA0-E7068E05967D}.Debug_Linux|Mixed Platforms.Build.0 = Debug|Any CPU
		{DDF551F9-B27D-4283-BFA0-E7068E05967D}.Debug_Linux|x86.ActiveCfg = Debug|Any CPU
		{DDF551F9-B27D-4283-BFA0-E7068E05967D}.Debug_Windows|Any CPU.ActiveCfg = Debug|Any CPU
		{DDF551F9-B27D-4283-BFA0-E7068E05967D}.Debug_Windows|Any CPU.Build.0 = Debug|Any CPU
		{DDF551F9-B27D-4283-BFA0-E7068E05967D}.Debug_Windows|Mixed Platforms.ActiveCfg = Debug|Any CPU
		{DDF551F9-B27D-4283-BFA0-E7068E05967D}.Debug_Windows|Mixed Platforms.Build.0 = Debug|Any CPU
		{DDF551F9-B27D-4283-BFA0-E7068E05967D}.Debug_Windows|x86.ActiveCfg = Debug|Any CPU
		{DDF551F9-B27D-4283-BFA0-E7068E05967D}.Debug|Any CPU.ActiveCfg = Debug|Any CPU
		{DDF551F9-B27D-4283-BFA0-E7068E05967D}.Debug|Any CPU.Build.0 = Debug|Any CPU
		{DDF551F9-B27D-4283-BFA0-E7068E05967D}.Debug|Mixed Platforms.ActiveCfg = Debug|Any CPU
		{DDF551F9-B27D-4283-BFA0-E7068E05967D}.Debug|Mixed Platforms.Build.0 = Debug|Any CPU
		{DDF551F9-B27D-4283-BFA0-E7068E05967D}.Debug|x86.ActiveCfg = Debug|Any CPU
		{DDF551F9-B27D-4283-BFA0-E7068E05967D}.MonoDebug|Any CPU.ActiveCfg = Debug|Any CPU
		{DDF551F9-B27D-4283-BFA0-E7068E05967D}.MonoDebug|Any CPU.Build.0 = Debug|Any CPU
		{DDF551F9-B27D-4283-BFA0-E7068E05967D}.MonoDebug|Mixed Platforms.ActiveCfg = Debug|Any CPU
		{DDF551F9-B27D-4283-BFA0-E7068E05967D}.MonoDebug|Mixed Platforms.Build.0 = Debug|Any CPU
		{DDF551F9-B27D-4283-BFA0-E7068E05967D}.MonoDebug|x86.ActiveCfg = Debug|Any CPU
		{DDF551F9-B27D-4283-BFA0-E7068E05967D}.MonoRelease|Any CPU.ActiveCfg = Release|Any CPU
		{DDF551F9-B27D-4283-BFA0-E7068E05967D}.MonoRelease|Any CPU.Build.0 = Release|Any CPU
		{DDF551F9-B27D-4283-BFA0-E7068E05967D}.MonoRelease|Mixed Platforms.ActiveCfg = Release|Any CPU
		{DDF551F9-B27D-4283-BFA0-E7068E05967D}.MonoRelease|Mixed Platforms.Build.0 = Release|Any CPU
		{DDF551F9-B27D-4283-BFA0-E7068E05967D}.MonoRelease|x86.ActiveCfg = Release|Any CPU
		{DDF551F9-B27D-4283-BFA0-E7068E05967D}.Release_Linux|Any CPU.ActiveCfg = ReleaseWin8|Any CPU
		{DDF551F9-B27D-4283-BFA0-E7068E05967D}.Release_Linux|Any CPU.Build.0 = ReleaseWin8|Any CPU
		{DDF551F9-B27D-4283-BFA0-E7068E05967D}.Release_Linux|Mixed Platforms.ActiveCfg = ReleaseWin8|Any CPU
		{DDF551F9-B27D-4283-BFA0-E7068E05967D}.Release_Linux|Mixed Platforms.Build.0 = ReleaseWin8|Any CPU
		{DDF551F9-B27D-4283-BFA0-E7068E05967D}.Release_Linux|x86.ActiveCfg = ReleaseWin8|Any CPU
		{DDF551F9-B27D-4283-BFA0-E7068E05967D}.Release_Windows|Any CPU.ActiveCfg = ReleaseWin8|Any CPU
		{DDF551F9-B27D-4283-BFA0-E7068E05967D}.Release_Windows|Any CPU.Build.0 = ReleaseWin8|Any CPU
		{DDF551F9-B27D-4283-BFA0-E7068E05967D}.Release_Windows|Mixed Platforms.ActiveCfg = ReleaseWin8|Any CPU
		{DDF551F9-B27D-4283-BFA0-E7068E05967D}.Release_Windows|Mixed Platforms.Build.0 = ReleaseWin8|Any CPU
		{DDF551F9-B27D-4283-BFA0-E7068E05967D}.Release_Windows|x86.ActiveCfg = ReleaseWin8|Any CPU
		{DDF551F9-B27D-4283-BFA0-E7068E05967D}.Release|Any CPU.ActiveCfg = Release|Any CPU
		{DDF551F9-B27D-4283-BFA0-E7068E05967D}.Release|Any CPU.Build.0 = Release|Any CPU
		{DDF551F9-B27D-4283-BFA0-E7068E05967D}.Release|Mixed Platforms.ActiveCfg = Release|Any CPU
		{DDF551F9-B27D-4283-BFA0-E7068E05967D}.Release|Mixed Platforms.Build.0 = Release|Any CPU
		{DDF551F9-B27D-4283-BFA0-E7068E05967D}.Release|x86.ActiveCfg = Release|Any CPU
		{DDF551F9-B27D-4283-BFA0-E7068E05967D}.ReleaseWin8|Any CPU.ActiveCfg = ReleaseWin8|Any CPU
		{DDF551F9-B27D-4283-BFA0-E7068E05967D}.ReleaseWin8|Any CPU.Build.0 = ReleaseWin8|Any CPU
		{DDF551F9-B27D-4283-BFA0-E7068E05967D}.ReleaseWin8|Mixed Platforms.ActiveCfg = ReleaseWin8|Any CPU
		{DDF551F9-B27D-4283-BFA0-E7068E05967D}.ReleaseWin8|Mixed Platforms.Build.0 = ReleaseWin8|Any CPU
		{DDF551F9-B27D-4283-BFA0-E7068E05967D}.ReleaseWin8|x86.ActiveCfg = ReleaseWin8|Any CPU
		{D89B7AF5-7615-47B7-B894-A722E66DB3D8}.Debug_Linux|Any CPU.ActiveCfg = Debug|Any CPU
		{D89B7AF5-7615-47B7-B894-A722E66DB3D8}.Debug_Linux|Any CPU.Build.0 = Debug|Any CPU
		{D89B7AF5-7615-47B7-B894-A722E66DB3D8}.Debug_Linux|Mixed Platforms.ActiveCfg = Debug|Any CPU
		{D89B7AF5-7615-47B7-B894-A722E66DB3D8}.Debug_Linux|Mixed Platforms.Build.0 = Debug|Any CPU
		{D89B7AF5-7615-47B7-B894-A722E66DB3D8}.Debug_Linux|x86.ActiveCfg = Debug|Any CPU
		{D89B7AF5-7615-47B7-B894-A722E66DB3D8}.Debug_Windows|Any CPU.ActiveCfg = Debug|Any CPU
		{D89B7AF5-7615-47B7-B894-A722E66DB3D8}.Debug_Windows|Any CPU.Build.0 = Debug|Any CPU
		{D89B7AF5-7615-47B7-B894-A722E66DB3D8}.Debug_Windows|Mixed Platforms.ActiveCfg = Debug|Any CPU
		{D89B7AF5-7615-47B7-B894-A722E66DB3D8}.Debug_Windows|Mixed Platforms.Build.0 = Debug|Any CPU
		{D89B7AF5-7615-47B7-B894-A722E66DB3D8}.Debug_Windows|x86.ActiveCfg = Debug|Any CPU
		{D89B7AF5-7615-47B7-B894-A722E66DB3D8}.Debug|Any CPU.ActiveCfg = Debug|Any CPU
		{D89B7AF5-7615-47B7-B894-A722E66DB3D8}.Debug|Any CPU.Build.0 = Debug|Any CPU
		{D89B7AF5-7615-47B7-B894-A722E66DB3D8}.Debug|Mixed Platforms.ActiveCfg = Debug|Any CPU
		{D89B7AF5-7615-47B7-B894-A722E66DB3D8}.Debug|Mixed Platforms.Build.0 = Debug|Any CPU
		{D89B7AF5-7615-47B7-B894-A722E66DB3D8}.Debug|x86.ActiveCfg = Debug|Any CPU
		{D89B7AF5-7615-47B7-B894-A722E66DB3D8}.MonoDebug|Any CPU.ActiveCfg = Debug|Any CPU
		{D89B7AF5-7615-47B7-B894-A722E66DB3D8}.MonoDebug|Any CPU.Build.0 = Debug|Any CPU
		{D89B7AF5-7615-47B7-B894-A722E66DB3D8}.MonoDebug|Mixed Platforms.ActiveCfg = Debug|Any CPU
		{D89B7AF5-7615-47B7-B894-A722E66DB3D8}.MonoDebug|Mixed Platforms.Build.0 = Debug|Any CPU
		{D89B7AF5-7615-47B7-B894-A722E66DB3D8}.MonoDebug|x86.ActiveCfg = Debug|Any CPU
		{D89B7AF5-7615-47B7-B894-A722E66DB3D8}.MonoRelease|Any CPU.ActiveCfg = Release|Any CPU
		{D89B7AF5-7615-47B7-B894-A722E66DB3D8}.MonoRelease|Any CPU.Build.0 = Release|Any CPU
		{D89B7AF5-7615-47B7-B894-A722E66DB3D8}.MonoRelease|Mixed Platforms.ActiveCfg = Release|Any CPU
		{D89B7AF5-7615-47B7-B894-A722E66DB3D8}.MonoRelease|Mixed Platforms.Build.0 = Release|Any CPU
		{D89B7AF5-7615-47B7-B894-A722E66DB3D8}.MonoRelease|x86.ActiveCfg = Release|Any CPU
		{D89B7AF5-7615-47B7-B894-A722E66DB3D8}.Release_Linux|Any CPU.ActiveCfg = Release|Any CPU
		{D89B7AF5-7615-47B7-B894-A722E66DB3D8}.Release_Linux|Any CPU.Build.0 = Release|Any CPU
		{D89B7AF5-7615-47B7-B894-A722E66DB3D8}.Release_Linux|Mixed Platforms.ActiveCfg = Release|Any CPU
		{D89B7AF5-7615-47B7-B894-A722E66DB3D8}.Release_Linux|Mixed Platforms.Build.0 = Release|Any CPU
		{D89B7AF5-7615-47B7-B894-A722E66DB3D8}.Release_Linux|x86.ActiveCfg = Release|Any CPU
		{D89B7AF5-7615-47B7-B894-A722E66DB3D8}.Release_Windows|Any CPU.ActiveCfg = Release|Any CPU
		{D89B7AF5-7615-47B7-B894-A722E66DB3D8}.Release_Windows|Any CPU.Build.0 = Release|Any CPU
		{D89B7AF5-7615-47B7-B894-A722E66DB3D8}.Release_Windows|Mixed Platforms.ActiveCfg = Release|Any CPU
		{D89B7AF5-7615-47B7-B894-A722E66DB3D8}.Release_Windows|Mixed Platforms.Build.0 = Release|Any CPU
		{D89B7AF5-7615-47B7-B894-A722E66DB3D8}.Release_Windows|x86.ActiveCfg = Release|Any CPU
		{D89B7AF5-7615-47B7-B894-A722E66DB3D8}.Release|Any CPU.ActiveCfg = Release|Any CPU
		{D89B7AF5-7615-47B7-B894-A722E66DB3D8}.Release|Any CPU.Build.0 = Release|Any CPU
		{D89B7AF5-7615-47B7-B894-A722E66DB3D8}.Release|Mixed Platforms.ActiveCfg = Release|Any CPU
		{D89B7AF5-7615-47B7-B894-A722E66DB3D8}.Release|Mixed Platforms.Build.0 = Release|Any CPU
		{D89B7AF5-7615-47B7-B894-A722E66DB3D8}.Release|x86.ActiveCfg = Release|Any CPU
		{D89B7AF5-7615-47B7-B894-A722E66DB3D8}.ReleaseWin8|Any CPU.ActiveCfg = Release|Any CPU
		{D89B7AF5-7615-47B7-B894-A722E66DB3D8}.ReleaseWin8|Any CPU.Build.0 = Release|Any CPU
		{D89B7AF5-7615-47B7-B894-A722E66DB3D8}.ReleaseWin8|Mixed Platforms.ActiveCfg = Release|Any CPU
		{D89B7AF5-7615-47B7-B894-A722E66DB3D8}.ReleaseWin8|Mixed Platforms.Build.0 = Release|Any CPU
		{D89B7AF5-7615-47B7-B894-A722E66DB3D8}.ReleaseWin8|x86.ActiveCfg = Release|Any CPU
		{625226A3-C50E-4D58-8DA1-1E91D999D659}.Debug_Linux|Any CPU.ActiveCfg = Debug|Any CPU
		{625226A3-C50E-4D58-8DA1-1E91D999D659}.Debug_Linux|Any CPU.Build.0 = Debug|Any CPU
		{625226A3-C50E-4D58-8DA1-1E91D999D659}.Debug_Linux|Mixed Platforms.ActiveCfg = Debug|Any CPU
		{625226A3-C50E-4D58-8DA1-1E91D999D659}.Debug_Linux|Mixed Platforms.Build.0 = Debug|Any CPU
		{625226A3-C50E-4D58-8DA1-1E91D999D659}.Debug_Linux|x86.ActiveCfg = Debug|Any CPU
		{625226A3-C50E-4D58-8DA1-1E91D999D659}.Debug_Windows|Any CPU.ActiveCfg = Debug|Any CPU
		{625226A3-C50E-4D58-8DA1-1E91D999D659}.Debug_Windows|Any CPU.Build.0 = Debug|Any CPU
		{625226A3-C50E-4D58-8DA1-1E91D999D659}.Debug_Windows|Mixed Platforms.ActiveCfg = Debug|Any CPU
		{625226A3-C50E-4D58-8DA1-1E91D999D659}.Debug_Windows|Mixed Platforms.Build.0 = Debug|Any CPU
		{625226A3-C50E-4D58-8DA1-1E91D999D659}.Debug_Windows|x86.ActiveCfg = Debug|Any CPU
		{625226A3-C50E-4D58-8DA1-1E91D999D659}.Debug|Any CPU.ActiveCfg = Debug|Any CPU
		{625226A3-C50E-4D58-8DA1-1E91D999D659}.Debug|Any CPU.Build.0 = Debug|Any CPU
		{625226A3-C50E-4D58-8DA1-1E91D999D659}.Debug|Mixed Platforms.ActiveCfg = Debug|Any CPU
		{625226A3-C50E-4D58-8DA1-1E91D999D659}.Debug|Mixed Platforms.Build.0 = Debug|Any CPU
		{625226A3-C50E-4D58-8DA1-1E91D999D659}.Debug|x86.ActiveCfg = Debug|Any CPU
		{625226A3-C50E-4D58-8DA1-1E91D999D659}.MonoDebug|Any CPU.ActiveCfg = Debug|Any CPU
		{625226A3-C50E-4D58-8DA1-1E91D999D659}.MonoDebug|Any CPU.Build.0 = Debug|Any CPU
		{625226A3-C50E-4D58-8DA1-1E91D999D659}.MonoDebug|Mixed Platforms.ActiveCfg = Debug|Any CPU
		{625226A3-C50E-4D58-8DA1-1E91D999D659}.MonoDebug|Mixed Platforms.Build.0 = Debug|Any CPU
		{625226A3-C50E-4D58-8DA1-1E91D999D659}.MonoDebug|x86.ActiveCfg = Debug|Any CPU
		{625226A3-C50E-4D58-8DA1-1E91D999D659}.MonoRelease|Any CPU.ActiveCfg = Release|Any CPU
		{625226A3-C50E-4D58-8DA1-1E91D999D659}.MonoRelease|Any CPU.Build.0 = Release|Any CPU
		{625226A3-C50E-4D58-8DA1-1E91D999D659}.MonoRelease|Mixed Platforms.ActiveCfg = Release|Any CPU
		{625226A3-C50E-4D58-8DA1-1E91D999D659}.MonoRelease|Mixed Platforms.Build.0 = Release|Any CPU
		{625226A3-C50E-4D58-8DA1-1E91D999D659}.MonoRelease|x86.ActiveCfg = Release|Any CPU
		{625226A3-C50E-4D58-8DA1-1E91D999D659}.Release_Linux|Any CPU.ActiveCfg = Release|Any CPU
		{625226A3-C50E-4D58-8DA1-1E91D999D659}.Release_Linux|Any CPU.Build.0 = Release|Any CPU
		{625226A3-C50E-4D58-8DA1-1E91D999D659}.Release_Linux|Mixed Platforms.ActiveCfg = Release|Any CPU
		{625226A3-C50E-4D58-8DA1-1E91D999D659}.Release_Linux|Mixed Platforms.Build.0 = Release|Any CPU
		{625226A3-C50E-4D58-8DA1-1E91D999D659}.Release_Linux|x86.ActiveCfg = Release|Any CPU
		{625226A3-C50E-4D58-8DA1-1E91D999D659}.Release_Windows|Any CPU.ActiveCfg = Release|Any CPU
		{625226A3-C50E-4D58-8DA1-1E91D999D659}.Release_Windows|Any CPU.Build.0 = Release|Any CPU
		{625226A3-C50E-4D58-8DA1-1E91D999D659}.Release_Windows|Mixed Platforms.ActiveCfg = Release|Any CPU
		{625226A3-C50E-4D58-8DA1-1E91D999D659}.Release_Windows|Mixed Platforms.Build.0 = Release|Any CPU
		{625226A3-C50E-4D58-8DA1-1E91D999D659}.Release_Windows|x86.ActiveCfg = Release|Any CPU
		{625226A3-C50E-4D58-8DA1-1E91D999D659}.Release|Any CPU.ActiveCfg = Release|Any CPU
		{625226A3-C50E-4D58-8DA1-1E91D999D659}.Release|Any CPU.Build.0 = Release|Any CPU
		{625226A3-C50E-4D58-8DA1-1E91D999D659}.Release|Mixed Platforms.ActiveCfg = Release|Any CPU
		{625226A3-C50E-4D58-8DA1-1E91D999D659}.Release|Mixed Platforms.Build.0 = Release|Any CPU
		{625226A3-C50E-4D58-8DA1-1E91D999D659}.Release|x86.ActiveCfg = Release|Any CPU
		{625226A3-C50E-4D58-8DA1-1E91D999D659}.ReleaseWin8|Any CPU.ActiveCfg = Release|Any CPU
		{625226A3-C50E-4D58-8DA1-1E91D999D659}.ReleaseWin8|Any CPU.Build.0 = Release|Any CPU
		{625226A3-C50E-4D58-8DA1-1E91D999D659}.ReleaseWin8|Mixed Platforms.ActiveCfg = Release|Any CPU
		{625226A3-C50E-4D58-8DA1-1E91D999D659}.ReleaseWin8|Mixed Platforms.Build.0 = Release|Any CPU
		{625226A3-C50E-4D58-8DA1-1E91D999D659}.ReleaseWin8|x86.ActiveCfg = Release|Any CPU
		{EC2B9AA5-C897-4128-A799-D6C0F3593C20}.Debug_Linux|Any CPU.ActiveCfg = Debug|Any CPU
		{EC2B9AA5-C897-4128-A799-D6C0F3593C20}.Debug_Linux|Any CPU.Build.0 = Debug|Any CPU
		{EC2B9AA5-C897-4128-A799-D6C0F3593C20}.Debug_Linux|Mixed Platforms.ActiveCfg = Debug|Any CPU
		{EC2B9AA5-C897-4128-A799-D6C0F3593C20}.Debug_Linux|Mixed Platforms.Build.0 = Debug|Any CPU
		{EC2B9AA5-C897-4128-A799-D6C0F3593C20}.Debug_Linux|x86.ActiveCfg = Debug|Any CPU
		{EC2B9AA5-C897-4128-A799-D6C0F3593C20}.Debug_Windows|Any CPU.ActiveCfg = Debug|Any CPU
		{EC2B9AA5-C897-4128-A799-D6C0F3593C20}.Debug_Windows|Any CPU.Build.0 = Debug|Any CPU
		{EC2B9AA5-C897-4128-A799-D6C0F3593C20}.Debug_Windows|Mixed Platforms.ActiveCfg = Debug|Any CPU
		{EC2B9AA5-C897-4128-A799-D6C0F3593C20}.Debug_Windows|Mixed Platforms.Build.0 = Debug|Any CPU
		{EC2B9AA5-C897-4128-A799-D6C0F3593C20}.Debug_Windows|x86.ActiveCfg = Debug|Any CPU
		{EC2B9AA5-C897-4128-A799-D6C0F3593C20}.Debug|Any CPU.ActiveCfg = Debug|Any CPU
		{EC2B9AA5-C897-4128-A799-D6C0F3593C20}.Debug|Any CPU.Build.0 = Debug|Any CPU
		{EC2B9AA5-C897-4128-A799-D6C0F3593C20}.Debug|Mixed Platforms.ActiveCfg = Debug|Any CPU
		{EC2B9AA5-C897-4128-A799-D6C0F3593C20}.Debug|Mixed Platforms.Build.0 = Debug|Any CPU
		{EC2B9AA5-C897-4128-A799-D6C0F3593C20}.Debug|x86.ActiveCfg = Debug|Any CPU
		{EC2B9AA5-C897-4128-A799-D6C0F3593C20}.MonoDebug|Any CPU.ActiveCfg = Debug|Any CPU
		{EC2B9AA5-C897-4128-A799-D6C0F3593C20}.MonoDebug|Any CPU.Build.0 = Debug|Any CPU
		{EC2B9AA5-C897-4128-A799-D6C0F3593C20}.MonoDebug|Mixed Platforms.ActiveCfg = Debug|Any CPU
		{EC2B9AA5-C897-4128-A799-D6C0F3593C20}.MonoDebug|Mixed Platforms.Build.0 = Debug|Any CPU
		{EC2B9AA5-C897-4128-A799-D6C0F3593C20}.MonoDebug|x86.ActiveCfg = Debug|Any CPU
		{EC2B9AA5-C897-4128-A799-D6C0F3593C20}.MonoRelease|Any CPU.ActiveCfg = Release|Any CPU
		{EC2B9AA5-C897-4128-A799-D6C0F3593C20}.MonoRelease|Any CPU.Build.0 = Release|Any CPU
		{EC2B9AA5-C897-4128-A799-D6C0F3593C20}.MonoRelease|Mixed Platforms.ActiveCfg = Release|Any CPU
		{EC2B9AA5-C897-4128-A799-D6C0F3593C20}.MonoRelease|Mixed Platforms.Build.0 = Release|Any CPU
		{EC2B9AA5-C897-4128-A799-D6C0F3593C20}.MonoRelease|x86.ActiveCfg = Release|Any CPU
		{EC2B9AA5-C897-4128-A799-D6C0F3593C20}.Release_Linux|Any CPU.ActiveCfg = Release|Any CPU
		{EC2B9AA5-C897-4128-A799-D6C0F3593C20}.Release_Linux|Any CPU.Build.0 = Release|Any CPU
		{EC2B9AA5-C897-4128-A799-D6C0F3593C20}.Release_Linux|Mixed Platforms.ActiveCfg = Release|Any CPU
		{EC2B9AA5-C897-4128-A799-D6C0F3593C20}.Release_Linux|Mixed Platforms.Build.0 = Release|Any CPU
		{EC2B9AA5-C897-4128-A799-D6C0F3593C20}.Release_Linux|x86.ActiveCfg = Release|Any CPU
		{EC2B9AA5-C897-4128-A799-D6C0F3593C20}.Release_Windows|Any CPU.ActiveCfg = Release|Any CPU
		{EC2B9AA5-C897-4128-A799-D6C0F3593C20}.Release_Windows|Any CPU.Build.0 = Release|Any CPU
		{EC2B9AA5-C897-4128-A799-D6C0F3593C20}.Release_Windows|Mixed Platforms.ActiveCfg = Release|Any CPU
		{EC2B9AA5-C897-4128-A799-D6C0F3593C20}.Release_Windows|Mixed Platforms.Build.0 = Release|Any CPU
		{EC2B9AA5-C897-4128-A799-D6C0F3593C20}.Release_Windows|x86.ActiveCfg = Release|Any CPU
		{EC2B9AA5-C897-4128-A799-D6C0F3593C20}.Release|Any CPU.ActiveCfg = Release|Any CPU
		{EC2B9AA5-C897-4128-A799-D6C0F3593C20}.Release|Any CPU.Build.0 = Release|Any CPU
		{EC2B9AA5-C897-4128-A799-D6C0F3593C20}.Release|Mixed Platforms.ActiveCfg = Release|Any CPU
		{EC2B9AA5-C897-4128-A799-D6C0F3593C20}.Release|Mixed Platforms.Build.0 = Release|Any CPU
		{EC2B9AA5-C897-4128-A799-D6C0F3593C20}.Release|x86.ActiveCfg = Release|Any CPU
		{EC2B9AA5-C897-4128-A799-D6C0F3593C20}.ReleaseWin8|Any CPU.ActiveCfg = Release|Any CPU
		{EC2B9AA5-C897-4128-A799-D6C0F3593C20}.ReleaseWin8|Any CPU.Build.0 = Release|Any CPU
		{EC2B9AA5-C897-4128-A799-D6C0F3593C20}.ReleaseWin8|Mixed Platforms.ActiveCfg = Release|Any CPU
		{EC2B9AA5-C897-4128-A799-D6C0F3593C20}.ReleaseWin8|Mixed Platforms.Build.0 = Release|Any CPU
		{EC2B9AA5-C897-4128-A799-D6C0F3593C20}.ReleaseWin8|x86.ActiveCfg = Release|Any CPU
		{0E7413FF-EB9E-4714-ACF2-BE3A6A7B2FFD}.Debug_Linux|Any CPU.ActiveCfg = Debug|Any CPU
		{0E7413FF-EB9E-4714-ACF2-BE3A6A7B2FFD}.Debug_Linux|Any CPU.Build.0 = Debug|Any CPU
		{0E7413FF-EB9E-4714-ACF2-BE3A6A7B2FFD}.Debug_Linux|Mixed Platforms.ActiveCfg = Debug|Any CPU
		{0E7413FF-EB9E-4714-ACF2-BE3A6A7B2FFD}.Debug_Linux|Mixed Platforms.Build.0 = Debug|Any CPU
		{0E7413FF-EB9E-4714-ACF2-BE3A6A7B2FFD}.Debug_Linux|x86.ActiveCfg = Debug|Any CPU
		{0E7413FF-EB9E-4714-ACF2-BE3A6A7B2FFD}.Debug_Windows|Any CPU.ActiveCfg = Debug|Any CPU
		{0E7413FF-EB9E-4714-ACF2-BE3A6A7B2FFD}.Debug_Windows|Any CPU.Build.0 = Debug|Any CPU
		{0E7413FF-EB9E-4714-ACF2-BE3A6A7B2FFD}.Debug_Windows|Mixed Platforms.ActiveCfg = Debug|Any CPU
		{0E7413FF-EB9E-4714-ACF2-BE3A6A7B2FFD}.Debug_Windows|Mixed Platforms.Build.0 = Debug|Any CPU
		{0E7413FF-EB9E-4714-ACF2-BE3A6A7B2FFD}.Debug_Windows|x86.ActiveCfg = Debug|Any CPU
		{0E7413FF-EB9E-4714-ACF2-BE3A6A7B2FFD}.Debug|Any CPU.ActiveCfg = Debug|Any CPU
		{0E7413FF-EB9E-4714-ACF2-BE3A6A7B2FFD}.Debug|Any CPU.Build.0 = Debug|Any CPU
		{0E7413FF-EB9E-4714-ACF2-BE3A6A7B2FFD}.Debug|Mixed Platforms.ActiveCfg = Debug|Any CPU
		{0E7413FF-EB9E-4714-ACF2-BE3A6A7B2FFD}.Debug|Mixed Platforms.Build.0 = Debug|Any CPU
		{0E7413FF-EB9E-4714-ACF2-BE3A6A7B2FFD}.Debug|x86.ActiveCfg = Debug|Any CPU
		{0E7413FF-EB9E-4714-ACF2-BE3A6A7B2FFD}.MonoDebug|Any CPU.ActiveCfg = Debug|Any CPU
		{0E7413FF-EB9E-4714-ACF2-BE3A6A7B2FFD}.MonoDebug|Any CPU.Build.0 = Debug|Any CPU
		{0E7413FF-EB9E-4714-ACF2-BE3A6A7B2FFD}.MonoDebug|Mixed Platforms.ActiveCfg = Debug|Any CPU
		{0E7413FF-EB9E-4714-ACF2-BE3A6A7B2FFD}.MonoDebug|Mixed Platforms.Build.0 = Debug|Any CPU
		{0E7413FF-EB9E-4714-ACF2-BE3A6A7B2FFD}.MonoDebug|x86.ActiveCfg = Debug|Any CPU
		{0E7413FF-EB9E-4714-ACF2-BE3A6A7B2FFD}.MonoRelease|Any CPU.ActiveCfg = Release|Any CPU
		{0E7413FF-EB9E-4714-ACF2-BE3A6A7B2FFD}.MonoRelease|Any CPU.Build.0 = Release|Any CPU
		{0E7413FF-EB9E-4714-ACF2-BE3A6A7B2FFD}.MonoRelease|Mixed Platforms.ActiveCfg = Release|Any CPU
		{0E7413FF-EB9E-4714-ACF2-BE3A6A7B2FFD}.MonoRelease|Mixed Platforms.Build.0 = Release|Any CPU
		{0E7413FF-EB9E-4714-ACF2-BE3A6A7B2FFD}.MonoRelease|x86.ActiveCfg = Release|Any CPU
		{0E7413FF-EB9E-4714-ACF2-BE3A6A7B2FFD}.Release_Linux|Any CPU.ActiveCfg = Release|Any CPU
		{0E7413FF-EB9E-4714-ACF2-BE3A6A7B2FFD}.Release_Linux|Any CPU.Build.0 = Release|Any CPU
		{0E7413FF-EB9E-4714-ACF2-BE3A6A7B2FFD}.Release_Linux|Mixed Platforms.ActiveCfg = Release|Any CPU
		{0E7413FF-EB9E-4714-ACF2-BE3A6A7B2FFD}.Release_Linux|Mixed Platforms.Build.0 = Release|Any CPU
		{0E7413FF-EB9E-4714-ACF2-BE3A6A7B2FFD}.Release_Linux|x86.ActiveCfg = Release|Any CPU
		{0E7413FF-EB9E-4714-ACF2-BE3A6A7B2FFD}.Release_Windows|Any CPU.ActiveCfg = Release|Any CPU
		{0E7413FF-EB9E-4714-ACF2-BE3A6A7B2FFD}.Release_Windows|Any CPU.Build.0 = Release|Any CPU
		{0E7413FF-EB9E-4714-ACF2-BE3A6A7B2FFD}.Release_Windows|Mixed Platforms.ActiveCfg = Release|Any CPU
		{0E7413FF-EB9E-4714-ACF2-BE3A6A7B2FFD}.Release_Windows|Mixed Platforms.Build.0 = Release|Any CPU
		{0E7413FF-EB9E-4714-ACF2-BE3A6A7B2FFD}.Release_Windows|x86.ActiveCfg = Release|Any CPU
		{0E7413FF-EB9E-4714-ACF2-BE3A6A7B2FFD}.Release|Any CPU.ActiveCfg = Release|Any CPU
		{0E7413FF-EB9E-4714-ACF2-BE3A6A7B2FFD}.Release|Any CPU.Build.0 = Release|Any CPU
		{0E7413FF-EB9E-4714-ACF2-BE3A6A7B2FFD}.Release|Mixed Platforms.ActiveCfg = Release|Any CPU
		{0E7413FF-EB9E-4714-ACF2-BE3A6A7B2FFD}.Release|Mixed Platforms.Build.0 = Release|Any CPU
		{0E7413FF-EB9E-4714-ACF2-BE3A6A7B2FFD}.Release|x86.ActiveCfg = Release|Any CPU
		{0E7413FF-EB9E-4714-ACF2-BE3A6A7B2FFD}.ReleaseWin8|Any CPU.ActiveCfg = Release|Any CPU
		{0E7413FF-EB9E-4714-ACF2-BE3A6A7B2FFD}.ReleaseWin8|Any CPU.Build.0 = Release|Any CPU
		{0E7413FF-EB9E-4714-ACF2-BE3A6A7B2FFD}.ReleaseWin8|Mixed Platforms.ActiveCfg = Release|Any CPU
		{0E7413FF-EB9E-4714-ACF2-BE3A6A7B2FFD}.ReleaseWin8|Mixed Platforms.Build.0 = Release|Any CPU
		{0E7413FF-EB9E-4714-ACF2-BE3A6A7B2FFD}.ReleaseWin8|x86.ActiveCfg = Release|Any CPU
	EndGlobalSection
	GlobalSection(SolutionProperties) = preSolution
		HideSolutionNode = FALSE
	EndGlobalSection
	GlobalSection(NestedProjects) = preSolution
		{34576216-0DCA-4B0F-A0DC-9075E75A676F} = {F1B2517F-7B74-42A6-888C-9F96A8810454}
		{AA7F66EB-EC2C-47DE-855F-30B3E6EF2134} = {F1B2517F-7B74-42A6-888C-9F96A8810454}
		{3C023D61-9936-444F-B0F1-32813ACB47C2} = {F1B2517F-7B74-42A6-888C-9F96A8810454}
		{8E6D44C7-98E4-498A-A448-35B8392547EB} = {F1B2517F-7B74-42A6-888C-9F96A8810454}
		{DDF551F9-B27D-4283-BFA0-E7068E05967D} = {F1B2517F-7B74-42A6-888C-9F96A8810454}
		{D89B7AF5-7615-47B7-B894-A722E66DB3D8} = {BDF04917-A412-417B-8985-87732D7E6D1A}
		{0E7413FF-EB9E-4714-ACF2-BE3A6A7B2FFD} = {F1B2517F-7B74-42A6-888C-9F96A8810454}
	EndGlobalSection
EndGlobal
